// !$*UTF8*$!
{
	archiveVersion = 1;
	classes = {
	};
	objectVersion = 46;
	objects = {

/* Begin PBXBuildFile section */
		8E129BDD1B06925A00EEA011 /* Main.xib in Resources */ = {isa = PBXBuildFile; fileRef = 8E129BDF1B06925A00EEA011 /* Main.xib */; };
		8E129BE11B069EA500EEA011 /* SplitShowWindow.xib in Resources */ = {isa = PBXBuildFile; fileRef = 8E129BE01B069EA500EEA011 /* SplitShowWindow.xib */; };
		8E21BB891AF8DF4B00697E31 /* AppDelegate.m in Sources */ = {isa = PBXBuildFile; fileRef = 8E21BB881AF8DF4B00697E31 /* AppDelegate.m */; };
		8E21BB8B1AF8DF4B00697E31 /* main.m in Sources */ = {isa = PBXBuildFile; fileRef = 8E21BB8A1AF8DF4B00697E31 /* main.m */; };
		8E21BB8E1AF8DF4B00697E31 /* PreviewController.m in Sources */ = {isa = PBXBuildFile; fileRef = 8E21BB8D1AF8DF4B00697E31 /* PreviewController.m */; };
		8E21BB901AF8DF4B00697E31 /* Images.xcassets in Resources */ = {isa = PBXBuildFile; fileRef = 8E21BB8F1AF8DF4B00697E31 /* Images.xcassets */; };
		8E21BB9F1AF8DF4B00697E31 /* SplitShowTests.m in Sources */ = {isa = PBXBuildFile; fileRef = 8E21BB9E1AF8DF4B00697E31 /* SplitShowTests.m */; };
		8E21BBAA1AF8DFA800697E31 /* Cocoa.framework in Frameworks */ = {isa = PBXBuildFile; fileRef = 8E21BBA91AF8DFA800697E31 /* Cocoa.framework */; };
		8E21BBAC1AF8DFAF00697E31 /* Quartz.framework in Frameworks */ = {isa = PBXBuildFile; fileRef = 8E21BBAB1AF8DFAF00697E31 /* Quartz.framework */; };
		8E21BBAF1AF8E0A500697E31 /* BeamerDocument.m in Sources */ = {isa = PBXBuildFile; fileRef = 8E21BBAE1AF8E0A500697E31 /* BeamerDocument.m */; };
		8E21BBB21AF8E8FE00697E31 /* SplitShowController.m in Sources */ = {isa = PBXBuildFile; fileRef = 8E21BBB11AF8E8FE00697E31 /* SplitShowController.m */; };
		8E21BBB51AF9379A00697E31 /* BeamerView.m in Sources */ = {isa = PBXBuildFile; fileRef = 8E21BBB41AF9379A00697E31 /* BeamerView.m */; };
		8E21BBB81AF9822D00697E31 /* BeamerPage.m in Sources */ = {isa = PBXBuildFile; fileRef = 8E21BBB71AF9822D00697E31 /* BeamerPage.m */; };
		8E21BBBA1AFA29BD00697E31 /* empty.pdf in Resources */ = {isa = PBXBuildFile; fileRef = 8E21BBB91AFA29BD00697E31 /* empty.pdf */; };
		8EC852871AFA59DC00955035 /* BeamerViewController.m in Sources */ = {isa = PBXBuildFile; fileRef = 8EC852861AFA59DC00955035 /* BeamerViewController.m */; };
		8EC852981AFAA48700955035 /* Localizable.strings in Resources */ = {isa = PBXBuildFile; fileRef = 8EC852961AFAA48700955035 /* Localizable.strings */; };
		8EC8529B1AFAC52F00955035 /* NSScreen_NameExtension.m in Sources */ = {isa = PBXBuildFile; fileRef = 8EC8529A1AFAC52F00955035 /* NSScreen_NameExtension.m */; };
		8EC8529E1AFB8F7E00955035 /* BeamerTimerController.m in Sources */ = {isa = PBXBuildFile; fileRef = 8EC8529D1AFB8F7E00955035 /* BeamerTimerController.m */; };
		8EC852A01AFB902700955035 /* BeamerTimerView.xib in Resources */ = {isa = PBXBuildFile; fileRef = 8EC8529F1AFB902700955035 /* BeamerTimerView.xib */; };
		8EC852A31AFB905100955035 /* BeamerTimerView.m in Sources */ = {isa = PBXBuildFile; fileRef = 8EC852A21AFB905100955035 /* BeamerTimerView.m */; };
		8EC852A61AFBAAAC00955035 /* Credits.rtf in Resources */ = {isa = PBXBuildFile; fileRef = 8EC852A41AFBAAAC00955035 /* Credits.rtf */; };
/* End PBXBuildFile section */

/* Begin PBXContainerItemProxy section */
		8E21BB991AF8DF4B00697E31 /* PBXContainerItemProxy */ = {
			isa = PBXContainerItemProxy;
			containerPortal = 8E21BB7A1AF8DF4B00697E31 /* Project object */;
			proxyType = 1;
			remoteGlobalIDString = 8E21BB811AF8DF4B00697E31;
			remoteInfo = SplitShow;
		};
/* End PBXContainerItemProxy section */

/* Begin PBXFileReference section */
		8E129BDE1B06925A00EEA011 /* Base */ = {isa = PBXFileReference; lastKnownFileType = file.xib; name = Base; path = Base.lproj/Main.xib; sourceTree = "<group>"; };
		8E129BE01B069EA500EEA011 /* SplitShowWindow.xib */ = {isa = PBXFileReference; fileEncoding = 4; lastKnownFileType = file.xib; path = SplitShowWindow.xib; sourceTree = "<group>"; };
		8E21BB821AF8DF4B00697E31 /* SplitShow.app */ = {isa = PBXFileReference; explicitFileType = wrapper.application; includeInIndex = 0; path = SplitShow.app; sourceTree = BUILT_PRODUCTS_DIR; };
		8E21BB861AF8DF4B00697E31 /* Info.plist */ = {isa = PBXFileReference; lastKnownFileType = text.plist.xml; path = Info.plist; sourceTree = "<group>"; };
		8E21BB871AF8DF4B00697E31 /* AppDelegate.h */ = {isa = PBXFileReference; lastKnownFileType = sourcecode.c.h; path = AppDelegate.h; sourceTree = "<group>"; };
		8E21BB881AF8DF4B00697E31 /* AppDelegate.m */ = {isa = PBXFileReference; lastKnownFileType = sourcecode.c.objc; path = AppDelegate.m; sourceTree = "<group>"; };
		8E21BB8A1AF8DF4B00697E31 /* main.m */ = {isa = PBXFileReference; lastKnownFileType = sourcecode.c.objc; path = main.m; sourceTree = "<group>"; };
		8E21BB8C1AF8DF4B00697E31 /* PreviewController.h */ = {isa = PBXFileReference; lastKnownFileType = sourcecode.c.h; path = PreviewController.h; sourceTree = "<group>"; };
		8E21BB8D1AF8DF4B00697E31 /* PreviewController.m */ = {isa = PBXFileReference; lastKnownFileType = sourcecode.c.objc; path = PreviewController.m; sourceTree = "<group>"; };
		8E21BB8F1AF8DF4B00697E31 /* Images.xcassets */ = {isa = PBXFileReference; lastKnownFileType = folder.assetcatalog; path = Images.xcassets; sourceTree = "<group>"; };
		8E21BB981AF8DF4B00697E31 /* SplitShowTests.xctest */ = {isa = PBXFileReference; explicitFileType = wrapper.cfbundle; includeInIndex = 0; path = SplitShowTests.xctest; sourceTree = BUILT_PRODUCTS_DIR; };
		8E21BB9D1AF8DF4B00697E31 /* Info.plist */ = {isa = PBXFileReference; lastKnownFileType = text.plist.xml; path = Info.plist; sourceTree = "<group>"; };
		8E21BB9E1AF8DF4B00697E31 /* SplitShowTests.m */ = {isa = PBXFileReference; lastKnownFileType = sourcecode.c.objc; path = SplitShowTests.m; sourceTree = "<group>"; };
		8E21BBA91AF8DFA800697E31 /* Cocoa.framework */ = {isa = PBXFileReference; lastKnownFileType = wrapper.framework; name = Cocoa.framework; path = System/Library/Frameworks/Cocoa.framework; sourceTree = SDKROOT; };
		8E21BBAB1AF8DFAF00697E31 /* Quartz.framework */ = {isa = PBXFileReference; lastKnownFileType = wrapper.framework; name = Quartz.framework; path = System/Library/Frameworks/Quartz.framework; sourceTree = SDKROOT; };
		8E21BBAD1AF8E0A500697E31 /* BeamerDocument.h */ = {isa = PBXFileReference; fileEncoding = 4; lastKnownFileType = sourcecode.c.h; path = BeamerDocument.h; sourceTree = "<group>"; };
		8E21BBAE1AF8E0A500697E31 /* BeamerDocument.m */ = {isa = PBXFileReference; fileEncoding = 4; lastKnownFileType = sourcecode.c.objc; path = BeamerDocument.m; sourceTree = "<group>"; };
		8E21BBB01AF8E8FE00697E31 /* SplitShowController.h */ = {isa = PBXFileReference; fileEncoding = 4; lastKnownFileType = sourcecode.c.h; path = SplitShowController.h; sourceTree = "<group>"; };
		8E21BBB11AF8E8FE00697E31 /* SplitShowController.m */ = {isa = PBXFileReference; fileEncoding = 4; lastKnownFileType = sourcecode.c.objc; path = SplitShowController.m; sourceTree = "<group>"; };
		8E21BBB31AF9379A00697E31 /* BeamerView.h */ = {isa = PBXFileReference; fileEncoding = 4; lastKnownFileType = sourcecode.c.h; path = BeamerView.h; sourceTree = "<group>"; };
		8E21BBB41AF9379A00697E31 /* BeamerView.m */ = {isa = PBXFileReference; fileEncoding = 4; lastKnownFileType = sourcecode.c.objc; path = BeamerView.m; sourceTree = "<group>"; };
		8E21BBB61AF9822D00697E31 /* BeamerPage.h */ = {isa = PBXFileReference; fileEncoding = 4; lastKnownFileType = sourcecode.c.h; path = BeamerPage.h; sourceTree = "<group>"; };
		8E21BBB71AF9822D00697E31 /* BeamerPage.m */ = {isa = PBXFileReference; fileEncoding = 4; lastKnownFileType = sourcecode.c.objc; path = BeamerPage.m; sourceTree = "<group>"; };
		8E21BBB91AFA29BD00697E31 /* empty.pdf */ = {isa = PBXFileReference; lastKnownFileType = image.pdf; path = empty.pdf; sourceTree = "<group>"; };
		8EC852851AFA59DC00955035 /* BeamerViewController.h */ = {isa = PBXFileReference; fileEncoding = 4; lastKnownFileType = sourcecode.c.h; path = BeamerViewController.h; sourceTree = "<group>"; };
		8EC852861AFA59DC00955035 /* BeamerViewController.m */ = {isa = PBXFileReference; fileEncoding = 4; lastKnownFileType = sourcecode.c.objc; path = BeamerViewController.m; sourceTree = "<group>"; };
		8EC852971AFAA48700955035 /* Base */ = {isa = PBXFileReference; fileEncoding = 4; lastKnownFileType = text.plist.strings; name = Base; path = SplitShow/Base.lproj/Localizable.strings; sourceTree = "<group>"; };
		8EC852991AFAC52F00955035 /* NSScreen_NameExtension.h */ = {isa = PBXFileReference; fileEncoding = 4; lastKnownFileType = sourcecode.c.h; path = NSScreen_NameExtension.h; sourceTree = "<group>"; };
		8EC8529A1AFAC52F00955035 /* NSScreen_NameExtension.m */ = {isa = PBXFileReference; fileEncoding = 4; lastKnownFileType = sourcecode.c.objc; path = NSScreen_NameExtension.m; sourceTree = "<group>"; };
		8EC8529C1AFB8F7E00955035 /* BeamerTimerController.h */ = {isa = PBXFileReference; fileEncoding = 4; lastKnownFileType = sourcecode.c.h; path = BeamerTimerController.h; sourceTree = "<group>"; };
		8EC8529D1AFB8F7E00955035 /* BeamerTimerController.m */ = {isa = PBXFileReference; fileEncoding = 4; lastKnownFileType = sourcecode.c.objc; path = BeamerTimerController.m; sourceTree = "<group>"; };
		8EC8529F1AFB902700955035 /* BeamerTimerView.xib */ = {isa = PBXFileReference; fileEncoding = 4; lastKnownFileType = file.xib; path = BeamerTimerView.xib; sourceTree = "<group>"; };
		8EC852A11AFB905100955035 /* BeamerTimerView.h */ = {isa = PBXFileReference; fileEncoding = 4; lastKnownFileType = sourcecode.c.h; path = BeamerTimerView.h; sourceTree = "<group>"; };
		8EC852A21AFB905100955035 /* BeamerTimerView.m */ = {isa = PBXFileReference; fileEncoding = 4; lastKnownFileType = sourcecode.c.objc; path = BeamerTimerView.m; sourceTree = "<group>"; };
		8EC852A51AFBAAAC00955035 /* Base */ = {isa = PBXFileReference; lastKnownFileType = text.rtf; name = Base; path = Base.lproj/Credits.rtf; sourceTree = "<group>"; };
/* End PBXFileReference section */

/* Begin PBXFrameworksBuildPhase section */
		8E21BB7F1AF8DF4B00697E31 /* Frameworks */ = {
			isa = PBXFrameworksBuildPhase;
			buildActionMask = 2147483647;
			files = (
				8E21BBAC1AF8DFAF00697E31 /* Quartz.framework in Frameworks */,
				8E21BBAA1AF8DFA800697E31 /* Cocoa.framework in Frameworks */,
			);
			runOnlyForDeploymentPostprocessing = 0;
		};
		8E21BB951AF8DF4B00697E31 /* Frameworks */ = {
			isa = PBXFrameworksBuildPhase;
			buildActionMask = 2147483647;
			files = (
			);
			runOnlyForDeploymentPostprocessing = 0;
		};
/* End PBXFrameworksBuildPhase section */

/* Begin PBXGroup section */
		8E21BB791AF8DF4B00697E31 = {
			isa = PBXGroup;
			children = (
				8E21BB841AF8DF4B00697E31 /* SplitShow */,
				8E21BBA81AF8DF9E00697E31 /* Frameworks */,
				8E21BB9B1AF8DF4B00697E31 /* SplitShowTests */,
				8E21BB831AF8DF4B00697E31 /* Products */,
			);
			sourceTree = "<group>";
		};
		8E21BB831AF8DF4B00697E31 /* Products */ = {
			isa = PBXGroup;
			children = (
				8E21BB821AF8DF4B00697E31 /* SplitShow.app */,
				8E21BB981AF8DF4B00697E31 /* SplitShowTests.xctest */,
			);
			name = Products;
			sourceTree = "<group>";
		};
		8E21BB841AF8DF4B00697E31 /* SplitShow */ = {
			isa = PBXGroup;
			children = (
				8E21BB871AF8DF4B00697E31 /* AppDelegate.h */,
				8E21BB881AF8DF4B00697E31 /* AppDelegate.m */,
				8E21BB8C1AF8DF4B00697E31 /* PreviewController.h */,
				8E21BB8D1AF8DF4B00697E31 /* PreviewController.m */,
				8E21BBB01AF8E8FE00697E31 /* SplitShowController.h */,
				8E21BBB11AF8E8FE00697E31 /* SplitShowController.m */,
				8EC852991AFAC52F00955035 /* NSScreen_NameExtension.h */,
				8EC8529A1AFAC52F00955035 /* NSScreen_NameExtension.m */,
				8E21BBB31AF9379A00697E31 /* BeamerView.h */,
				8E21BBB41AF9379A00697E31 /* BeamerView.m */,
				8E21BBB61AF9822D00697E31 /* BeamerPage.h */,
				8E21BBB71AF9822D00697E31 /* BeamerPage.m */,
				8E21BB8F1AF8DF4B00697E31 /* Images.xcassets */,
				8E129BDF1B06925A00EEA011 /* Main.xib */,
				8E129BE01B069EA500EEA011 /* SplitShowWindow.xib */,
				8EC8529F1AFB902700955035 /* BeamerTimerView.xib */,
				8EC852A11AFB905100955035 /* BeamerTimerView.h */,
				8EC852A21AFB905100955035 /* BeamerTimerView.m */,
				8EC852851AFA59DC00955035 /* BeamerViewController.h */,
				8EC852861AFA59DC00955035 /* BeamerViewController.m */,
				8E21BBAD1AF8E0A500697E31 /* BeamerDocument.h */,
				8E21BBAE1AF8E0A500697E31 /* BeamerDocument.m */,
				8EC8529C1AFB8F7E00955035 /* BeamerTimerController.h */,
				8EC8529D1AFB8F7E00955035 /* BeamerTimerController.m */,
				8E21BB851AF8DF4B00697E31 /* Supporting Files */,
			);
			path = SplitShow;
			sourceTree = "<group>";
		};
		8E21BB851AF8DF4B00697E31 /* Supporting Files */ = {
			isa = PBXGroup;
			children = (
				8EC852961AFAA48700955035 /* Localizable.strings */,
				8E21BBB91AFA29BD00697E31 /* empty.pdf */,
				8E21BB861AF8DF4B00697E31 /* Info.plist */,
				8E21BB8A1AF8DF4B00697E31 /* main.m */,
				8EC852A41AFBAAAC00955035 /* Credits.rtf */,
			);
			name = "Supporting Files";
			sourceTree = "<group>";
		};
		8E21BB9B1AF8DF4B00697E31 /* SplitShowTests */ = {
			isa = PBXGroup;
			children = (
				8E21BB9E1AF8DF4B00697E31 /* SplitShowTests.m */,
				8E21BB9C1AF8DF4B00697E31 /* Supporting Files */,
			);
			path = SplitShowTests;
			sourceTree = "<group>";
		};
		8E21BB9C1AF8DF4B00697E31 /* Supporting Files */ = {
			isa = PBXGroup;
			children = (
				8E21BB9D1AF8DF4B00697E31 /* Info.plist */,
			);
			name = "Supporting Files";
			sourceTree = "<group>";
		};
		8E21BBA81AF8DF9E00697E31 /* Frameworks */ = {
			isa = PBXGroup;
			children = (
				8E21BBAB1AF8DFAF00697E31 /* Quartz.framework */,
				8E21BBA91AF8DFA800697E31 /* Cocoa.framework */,
			);
			name = Frameworks;
			sourceTree = "<group>";
		};
/* End PBXGroup section */

/* Begin PBXNativeTarget section */
		8E21BB811AF8DF4B00697E31 /* SplitShow */ = {
			isa = PBXNativeTarget;
			buildConfigurationList = 8E21BBA21AF8DF4B00697E31 /* Build configuration list for PBXNativeTarget "SplitShow" */;
			buildPhases = (
				8E21BB7E1AF8DF4B00697E31 /* Sources */,
				8E21BB7F1AF8DF4B00697E31 /* Frameworks */,
				8E21BB801AF8DF4B00697E31 /* Resources */,
			);
			buildRules = (
			);
			dependencies = (
			);
			name = SplitShow;
			productName = SplitShow;
			productReference = 8E21BB821AF8DF4B00697E31 /* SplitShow.app */;
			productType = "com.apple.product-type.application";
		};
		8E21BB971AF8DF4B00697E31 /* SplitShowTests */ = {
			isa = PBXNativeTarget;
			buildConfigurationList = 8E21BBA51AF8DF4B00697E31 /* Build configuration list for PBXNativeTarget "SplitShowTests" */;
			buildPhases = (
				8E21BB941AF8DF4B00697E31 /* Sources */,
				8E21BB951AF8DF4B00697E31 /* Frameworks */,
				8E21BB961AF8DF4B00697E31 /* Resources */,
			);
			buildRules = (
			);
			dependencies = (
				8E21BB9A1AF8DF4B00697E31 /* PBXTargetDependency */,
			);
			name = SplitShowTests;
			productName = SplitShowTests;
			productReference = 8E21BB981AF8DF4B00697E31 /* SplitShowTests.xctest */;
			productType = "com.apple.product-type.bundle.unit-test";
		};
/* End PBXNativeTarget section */

/* Begin PBXProject section */
		8E21BB7A1AF8DF4B00697E31 /* Project object */ = {
			isa = PBXProject;
			attributes = {
				LastUpgradeCheck = 0700;
				TargetAttributes = {
					8E21BB811AF8DF4B00697E31 = {
						CreatedOnToolsVersion = 6.3.1;
					};
					8E21BB971AF8DF4B00697E31 = {
						CreatedOnToolsVersion = 6.3.1;
						TestTargetID = 8E21BB811AF8DF4B00697E31;
					};
				};
			};
			buildConfigurationList = 8E21BB7D1AF8DF4B00697E31 /* Build configuration list for PBXProject "SplitShow" */;
			compatibilityVersion = "Xcode 3.2";
			developmentRegion = English;
			hasScannedForEncodings = 0;
			knownRegions = (
				en,
				Base,
			);
			mainGroup = 8E21BB791AF8DF4B00697E31;
			productRefGroup = 8E21BB831AF8DF4B00697E31 /* Products */;
			projectDirPath = "";
			projectRoot = "";
			targets = (
				8E21BB811AF8DF4B00697E31 /* SplitShow */,
				8E21BB971AF8DF4B00697E31 /* SplitShowTests */,
			);
		};
/* End PBXProject section */

/* Begin PBXResourcesBuildPhase section */
		8E21BB801AF8DF4B00697E31 /* Resources */ = {
			isa = PBXResourcesBuildPhase;
			buildActionMask = 2147483647;
			files = (
				8E21BB901AF8DF4B00697E31 /* Images.xcassets in Resources */,
				8E129BE11B069EA500EEA011 /* SplitShowWindow.xib in Resources */,
				8E129BDD1B06925A00EEA011 /* Main.xib in Resources */,
				8EC852A61AFBAAAC00955035 /* Credits.rtf in Resources */,
				8EC852981AFAA48700955035 /* Localizable.strings in Resources */,
				8E21BBBA1AFA29BD00697E31 /* empty.pdf in Resources */,
				8EC852A01AFB902700955035 /* BeamerTimerView.xib in Resources */,
			);
			runOnlyForDeploymentPostprocessing = 0;
		};
		8E21BB961AF8DF4B00697E31 /* Resources */ = {
			isa = PBXResourcesBuildPhase;
			buildActionMask = 2147483647;
			files = (
			);
			runOnlyForDeploymentPostprocessing = 0;
		};
/* End PBXResourcesBuildPhase section */

/* Begin PBXSourcesBuildPhase section */
		8E21BB7E1AF8DF4B00697E31 /* Sources */ = {
			isa = PBXSourcesBuildPhase;
			buildActionMask = 2147483647;
			files = (
				8E21BBB21AF8E8FE00697E31 /* SplitShowController.m in Sources */,
				8EC8529E1AFB8F7E00955035 /* BeamerTimerController.m in Sources */,
				8E21BB8E1AF8DF4B00697E31 /* PreviewController.m in Sources */,
				8E21BBB81AF9822D00697E31 /* BeamerPage.m in Sources */,
				8EC852A31AFB905100955035 /* BeamerTimerView.m in Sources */,
				8E21BB8B1AF8DF4B00697E31 /* main.m in Sources */,
				8EC8529B1AFAC52F00955035 /* NSScreen_NameExtension.m in Sources */,
				8EC852871AFA59DC00955035 /* BeamerViewController.m in Sources */,
				8E21BBAF1AF8E0A500697E31 /* BeamerDocument.m in Sources */,
				8E21BBB51AF9379A00697E31 /* BeamerView.m in Sources */,
				8E21BB891AF8DF4B00697E31 /* AppDelegate.m in Sources */,
			);
			runOnlyForDeploymentPostprocessing = 0;
		};
		8E21BB941AF8DF4B00697E31 /* Sources */ = {
			isa = PBXSourcesBuildPhase;
			buildActionMask = 2147483647;
			files = (
				8E21BB9F1AF8DF4B00697E31 /* SplitShowTests.m in Sources */,
			);
			runOnlyForDeploymentPostprocessing = 0;
		};
/* End PBXSourcesBuildPhase section */

/* Begin PBXTargetDependency section */
		8E21BB9A1AF8DF4B00697E31 /* PBXTargetDependency */ = {
			isa = PBXTargetDependency;
			target = 8E21BB811AF8DF4B00697E31 /* SplitShow */;
			targetProxy = 8E21BB991AF8DF4B00697E31 /* PBXContainerItemProxy */;
		};
/* End PBXTargetDependency section */

/* Begin PBXVariantGroup section */
		8E129BDF1B06925A00EEA011 /* Main.xib */ = {
			isa = PBXVariantGroup;
			children = (
				8E129BDE1B06925A00EEA011 /* Base */,
			);
			name = Main.xib;
			sourceTree = "<group>";
		};
		8EC852961AFAA48700955035 /* Localizable.strings */ = {
			isa = PBXVariantGroup;
			children = (
				8EC852971AFAA48700955035 /* Base */,
			);
			name = Localizable.strings;
			path = ..;
			sourceTree = "<group>";
		};
		8EC852A41AFBAAAC00955035 /* Credits.rtf */ = {
			isa = PBXVariantGroup;
			children = (
				8EC852A51AFBAAAC00955035 /* Base */,
			);
			name = Credits.rtf;
			sourceTree = "<group>";
		};
/* End PBXVariantGroup section */

/* Begin XCBuildConfiguration section */
		8E21BBA01AF8DF4B00697E31 /* Debug */ = {
			isa = XCBuildConfiguration;
			buildSettings = {
				ALWAYS_SEARCH_USER_PATHS = NO;
				CLANG_CXX_LANGUAGE_STANDARD = "gnu++0x";
				CLANG_CXX_LIBRARY = "libc++";
				CLANG_ENABLE_MODULES = YES;
				CLANG_ENABLE_OBJC_ARC = YES;
				CLANG_WARN_BOOL_CONVERSION = YES;
				CLANG_WARN_CONSTANT_CONVERSION = YES;
				CLANG_WARN_DIRECT_OBJC_ISA_USAGE = YES_ERROR;
				CLANG_WARN_EMPTY_BODY = YES;
				CLANG_WARN_ENUM_CONVERSION = YES;
				CLANG_WARN_INT_CONVERSION = YES;
				CLANG_WARN_OBJC_ROOT_CLASS = YES_ERROR;
				CLANG_WARN_UNREACHABLE_CODE = YES;
				CLANG_WARN__DUPLICATE_METHOD_MATCH = YES;
				CODE_SIGN_IDENTITY = "-";
				COPY_PHASE_STRIP = NO;
				DEBUG_INFORMATION_FORMAT = dwarf;
				ENABLE_STRICT_OBJC_MSGSEND = YES;
				ENABLE_TESTABILITY = YES;
				GCC_C_LANGUAGE_STANDARD = gnu99;
				GCC_DYNAMIC_NO_PIC = NO;
				GCC_NO_COMMON_BLOCKS = YES;
				GCC_OPTIMIZATION_LEVEL = 0;
				GCC_PREPROCESSOR_DEFINITIONS = (
					"DEBUG=1",
					"$(inherited)",
				);
				GCC_SYMBOLS_PRIVATE_EXTERN = NO;
				GCC_WARN_64_TO_32_BIT_CONVERSION = YES;
				GCC_WARN_ABOUT_RETURN_TYPE = YES_ERROR;
				GCC_WARN_UNDECLARED_SELECTOR = YES;
				GCC_WARN_UNINITIALIZED_AUTOS = YES_AGGRESSIVE;
				GCC_WARN_UNUSED_FUNCTION = YES;
				GCC_WARN_UNUSED_VARIABLE = YES;
				MACOSX_DEPLOYMENT_TARGET = 10.8;
				MTL_ENABLE_DEBUG_INFO = YES;
				ONLY_ACTIVE_ARCH = YES;
			};
			name = Debug;
		};
		8E21BBA11AF8DF4B00697E31 /* Release */ = {
			isa = XCBuildConfiguration;
			buildSettings = {
				ALWAYS_SEARCH_USER_PATHS = NO;
				CLANG_CXX_LANGUAGE_STANDARD = "gnu++0x";
				CLANG_CXX_LIBRARY = "libc++";
				CLANG_ENABLE_MODULES = YES;
				CLANG_ENABLE_OBJC_ARC = YES;
				CLANG_WARN_BOOL_CONVERSION = YES;
				CLANG_WARN_CONSTANT_CONVERSION = YES;
				CLANG_WARN_DIRECT_OBJC_ISA_USAGE = YES_ERROR;
				CLANG_WARN_EMPTY_BODY = YES;
				CLANG_WARN_ENUM_CONVERSION = YES;
				CLANG_WARN_INT_CONVERSION = YES;
				CLANG_WARN_OBJC_ROOT_CLASS = YES_ERROR;
				CLANG_WARN_UNREACHABLE_CODE = YES;
				CLANG_WARN__DUPLICATE_METHOD_MATCH = YES;
				CODE_SIGN_IDENTITY = "-";
				COPY_PHASE_STRIP = NO;
				DEBUG_INFORMATION_FORMAT = "dwarf-with-dsym";
				ENABLE_NS_ASSERTIONS = NO;
				ENABLE_STRICT_OBJC_MSGSEND = YES;
				GCC_C_LANGUAGE_STANDARD = gnu99;
				GCC_NO_COMMON_BLOCKS = YES;
				GCC_WARN_64_TO_32_BIT_CONVERSION = YES;
				GCC_WARN_ABOUT_RETURN_TYPE = YES_ERROR;
				GCC_WARN_UNDECLARED_SELECTOR = YES;
				GCC_WARN_UNINITIALIZED_AUTOS = YES_AGGRESSIVE;
				GCC_WARN_UNUSED_FUNCTION = YES;
				GCC_WARN_UNUSED_VARIABLE = YES;
				MACOSX_DEPLOYMENT_TARGET = 10.8;
				MTL_ENABLE_DEBUG_INFO = NO;
			};
			name = Release;
		};
		8E21BBA31AF8DF4B00697E31 /* Debug */ = {
			isa = XCBuildConfiguration;
			buildSettings = {
				ASSETCATALOG_COMPILER_APPICON_NAME = AppIcon;
				COMBINE_HIDPI_IMAGES = YES;
				INFOPLIST_FILE = SplitShow/Info.plist;
				LD_RUNPATH_SEARCH_PATHS = "$(inherited) @executable_path/../Frameworks";
				PRODUCT_BUNDLE_IDENTIFIER = "eu.pflanzer.$(PRODUCT_NAME:rfc1034identifier)";
				PRODUCT_NAME = "$(TARGET_NAME)";
			};
			name = Debug;
		};
		8E21BBA41AF8DF4B00697E31 /* Release */ = {
			isa = XCBuildConfiguration;
			buildSettings = {
				ASSETCATALOG_COMPILER_APPICON_NAME = AppIcon;
				COMBINE_HIDPI_IMAGES = YES;
				INFOPLIST_FILE = SplitShow/Info.plist;
				LD_RUNPATH_SEARCH_PATHS = "$(inherited) @executable_path/../Frameworks";
				PRODUCT_BUNDLE_IDENTIFIER = "eu.pflanzer.$(PRODUCT_NAME:rfc1034identifier)";
				PRODUCT_NAME = "$(TARGET_NAME)";
			};
			name = Release;
		};
		8E21BBA61AF8DF4B00697E31 /* Debug */ = {
			isa = XCBuildConfiguration;
			buildSettings = {
				BUNDLE_LOADER = "$(TEST_HOST)";
				COMBINE_HIDPI_IMAGES = YES;
				FRAMEWORK_SEARCH_PATHS = (
					"$(DEVELOPER_FRAMEWORKS_DIR)",
					"$(inherited)",
				);
				GCC_PREPROCESSOR_DEFINITIONS = (
					"DEBUG=1",
					"$(inherited)",
				);
				INFOPLIST_FILE = SplitShowTests/Info.plist;
				LD_RUNPATH_SEARCH_PATHS = "$(inherited) @executable_path/../Frameworks @loader_path/../Frameworks";
				PRODUCT_BUNDLE_IDENTIFIER = "eu.pflanzer.$(PRODUCT_NAME:rfc1034identifier)";
				PRODUCT_NAME = "$(TARGET_NAME)";
				TEST_HOST = "$(BUILT_PRODUCTS_DIR)/SplitShow.app/Contents/MacOS/SplitShow";
			};
			name = Debug;
		};
		8E21BBA71AF8DF4B00697E31 /* Release */ = {
			isa = XCBuildConfiguration;
			buildSettings = {
				BUNDLE_LOADER = "$(TEST_HOST)";
				COMBINE_HIDPI_IMAGES = YES;
				FRAMEWORK_SEARCH_PATHS = (
					"$(DEVELOPER_FRAMEWORKS_DIR)",
					"$(inherited)",
				);
				INFOPLIST_FILE = SplitShowTests/Info.plist;
				LD_RUNPATH_SEARCH_PATHS = "$(inherited) @executable_path/../Frameworks @loader_path/../Frameworks";
				PRODUCT_BUNDLE_IDENTIFIER = "eu.pflanzer.$(PRODUCT_NAME:rfc1034identifier)";
				PRODUCT_NAME = "$(TARGET_NAME)";
				TEST_HOST = "$(BUILT_PRODUCTS_DIR)/SplitShow.app/Contents/MacOS/SplitShow";
			};
			name = Release;
		};
/* End XCBuildConfiguration section */

/* Begin XCConfigurationList section */
		8E21BB7D1AF8DF4B00697E31 /* Build configuration list for PBXProject "SplitShow" */ = {
			isa = XCConfigurationList;
			buildConfigurations = (
				8E21BBA01AF8DF4B00697E31 /* Debug */,
				8E21BBA11AF8DF4B00697E31 /* Release */,
			);
			defaultConfigurationIsVisible = 0;
			defaultConfigurationName = Release;
		};
		8E21BBA21AF8DF4B00697E31 /* Build configuration list for PBXNativeTarget "SplitShow" */ = {
			isa = XCConfigurationList;
			buildConfigurations = (
				8E21BBA31AF8DF4B00697E31 /* Debug */,
				8E21BBA41AF8DF4B00697E31 /* Release */,
			);
			defaultConfigurationIsVisible = 0;
			defaultConfigurationName = Release;
		};
		8E21BBA51AF8DF4B00697E31 /* Build configuration list for PBXNativeTarget "SplitShowTests" */ = {
			isa = XCConfigurationList;
			buildConfigurations = (
				8E21BBA61AF8DF4B00697E31 /* Debug */,
				8E21BBA71AF8DF4B00697E31 /* Release */,
			);
			defaultConfigurationIsVisible = 0;
			defaultConfigurationName = Release;
		};
/* End XCConfigurationList section */
	};
	rootObject = 8E21BB7A1AF8DF4B00697E31 /* Project object */;
}
