// !$*UTF8*$!
{
	archiveVersion = 1;
	classes = {
	};
	objectVersion = 46;
	objects = {

/* Begin PBXBuildFile section */
		8E1853721BBC57DA00F25E9F /* main.m in Sources */ = {isa = PBXBuildFile; fileRef = 8E1853711BBC57DA00F25E9F /* main.m */; };
		8E1853781BBC57DA00F25E9F /* SplitShowDocument.m in Sources */ = {isa = PBXBuildFile; fileRef = 8E1853771BBC57DA00F25E9F /* SplitShowDocument.m */; };
		8E18537A1BBC57DA00F25E9F /* SplitShow.xcassets in Resources */ = {isa = PBXBuildFile; fileRef = 8E1853791BBC57DA00F25E9F /* SplitShow.xcassets */; };
		8E1853881BBC57DA00F25E9F /* SplitShowTests.m in Sources */ = {isa = PBXBuildFile; fileRef = 8E1853871BBC57DA00F25E9F /* SplitShowTests.m */; };
		8E1853931BBC57DA00F25E9F /* SplitShowUITests.m in Sources */ = {isa = PBXBuildFile; fileRef = 8E1853921BBC57DA00F25E9F /* SplitShowUITests.m */; };
		8E1853A51BBC633300F25E9F /* SlideView.m in Sources */ = {isa = PBXBuildFile; fileRef = 8E1853A41BBC633300F25E9F /* SlideView.m */; };
		8E1853A81BBD069000F25E9F /* PDFDocument+Presentation.m in Sources */ = {isa = PBXBuildFile; fileRef = 8E1853A71BBD069000F25E9F /* PDFDocument+Presentation.m */; };
		8E1855841BDBF64500E6AEB5 /* PreviewController.m in Sources */ = {isa = PBXBuildFile; fileRef = 8E1855831BDBF64500E6AEB5 /* PreviewController.m */; };
		8E23BE621C2C5A82008BEFE9 /* NSScreen+Name.m in Sources */ = {isa = PBXBuildFile; fileRef = 8E23BE611C2C5A82008BEFE9 /* NSScreen+Name.m */; };
		8E2CE7FB1C3007D800CA462F /* Utilities.m in Sources */ = {isa = PBXBuildFile; fileRef = 8E2CE7FA1C3007D800CA462F /* Utilities.m */; };
		8E2CE8001C30233900CA462F /* PDFView+GoToPageAtIndex.m in Sources */ = {isa = PBXBuildFile; fileRef = 8E2CE7FF1C30233900CA462F /* PDFView+GoToPageAtIndex.m */; };
		8E2CE8031C30293800CA462F /* DisplayController.m in Sources */ = {isa = PBXBuildFile; fileRef = 8E2CE8021C30293800CA462F /* DisplayController.m */; };
		8E2CE8061C30485C00CA462F /* TimerController.m in Sources */ = {isa = PBXBuildFile; fileRef = 8E2CE8051C30485C00CA462F /* TimerController.m */; };
		8E2CE8311C30557400CA462F /* Credits.rtf in Resources */ = {isa = PBXBuildFile; fileRef = 8E2CE8301C30557400CA462F /* Credits.rtf */; };
		8E2CE8331C30628600CA462F /* swap.png in Resources */ = {isa = PBXBuildFile; fileRef = 8E2CE8321C30628600CA462F /* swap.png */; };
		8E2CE8341C306E3A00CA462F /* MainMenu.xib in Resources */ = {isa = PBXBuildFile; fileRef = 8E2CE8361C306E3A00CA462F /* MainMenu.xib */; };
		8E2CE8371C306E5500CA462F /* TimerView.xib in Resources */ = {isa = PBXBuildFile; fileRef = 8E2CE8391C306E5500CA462F /* TimerView.xib */; };
		8E2CE83A1C306E5D00CA462F /* Main.xib in Resources */ = {isa = PBXBuildFile; fileRef = 8E2CE83C1C306E5D00CA462F /* Main.xib */; };
		8E2CE8421C30704E00CA462F /* Localizable.strings in Resources */ = {isa = PBXBuildFile; fileRef = 8E2CE8401C30704E00CA462F /* Localizable.strings */; };
		8E2CE8871C30A46E00CA462F /* CustomLayoutController.m in Sources */ = {isa = PBXBuildFile; fileRef = 8E2CE8861C30A46E00CA462F /* CustomLayoutController.m */; };
		8E2CE88C1C30A89B00CA462F /* PDFPreviewItem.m in Sources */ = {isa = PBXBuildFile; fileRef = 8E2CE88B1C30A89B00CA462F /* PDFPreviewItem.m */; };
		8E2CE8AA1C32AB3800CA462F /* CustomLayoutContentView.m in Sources */ = {isa = PBXBuildFile; fileRef = 8E2CE8A91C32AB3800CA462F /* CustomLayoutContentView.m */; };
		8E2CE8AE1C33E93A00CA462F /* CustomLayout.xib in Resources */ = {isa = PBXBuildFile; fileRef = 8E2CE8B01C33E93A00CA462F /* CustomLayout.xib */; };
		8E7D7B881C7A25DE005CC416 /* SplitShowScreenArrayController.m in Sources */ = {isa = PBXBuildFile; fileRef = 8E7D7B871C7A25DE005CC416 /* SplitShowScreenArrayController.m */; };
		8E7D7B8B1C7A317E005CC416 /* SplitShowScreen.m in Sources */ = {isa = PBXBuildFile; fileRef = 8E7D7B8A1C7A317E005CC416 /* SplitShowScreen.m */; };
		8E7D7C2A1C81087E005CC416 /* SplitShowPresentationWindow.m in Sources */ = {isa = PBXBuildFile; fileRef = 8E7D7C291C81087E005CC416 /* SplitShowPresentationWindow.m */; };
		8EA178721C41B6E20025C9FD /* AppDelegate.m in Sources */ = {isa = PBXBuildFile; fileRef = 8EA178711C41B6E20025C9FD /* AppDelegate.m */; };
		8EA71BC41C48E1B60025BDB3 /* CustomLayoutHeaderView.m in Sources */ = {isa = PBXBuildFile; fileRef = 8EA71BC31C48E1B60025BDB3 /* CustomLayoutHeaderView.m */; };
		8EB620361C7885FF00F8C007 /* CustomLayoutParser.m in Sources */ = {isa = PBXBuildFile; fileRef = 8EB620351C7885FF00F8C007 /* CustomLayoutParser.m */; };
		8ECF769C1C4B0C8D00451FFE /* CustomLayoutTableView.m in Sources */ = {isa = PBXBuildFile; fileRef = 8ECF769B1C4B0C8D00451FFE /* CustomLayoutTableView.m */; };
/* End PBXBuildFile section */

/* Begin PBXContainerItemProxy section */
		8E1853841BBC57DA00F25E9F /* PBXContainerItemProxy */ = {
			isa = PBXContainerItemProxy;
			containerPortal = 8E1853621BBC57DA00F25E9F /* Project object */;
			proxyType = 1;
			remoteGlobalIDString = 8E1853691BBC57DA00F25E9F;
			remoteInfo = SplitShow;
		};
		8E18538F1BBC57DA00F25E9F /* PBXContainerItemProxy */ = {
			isa = PBXContainerItemProxy;
			containerPortal = 8E1853621BBC57DA00F25E9F /* Project object */;
			proxyType = 1;
			remoteGlobalIDString = 8E1853691BBC57DA00F25E9F;
			remoteInfo = SplitShow;
		};
/* End PBXContainerItemProxy section */

/* Begin PBXFileReference section */
		8E18536A1BBC57DA00F25E9F /* SplitShow.app */ = {isa = PBXFileReference; explicitFileType = wrapper.application; includeInIndex = 0; path = SplitShow.app; sourceTree = BUILT_PRODUCTS_DIR; };
		8E1853711BBC57DA00F25E9F /* main.m */ = {isa = PBXFileReference; lastKnownFileType = sourcecode.c.objc; path = main.m; sourceTree = "<group>"; };
		8E1853761BBC57DA00F25E9F /* SplitShowDocument.h */ = {isa = PBXFileReference; lastKnownFileType = sourcecode.c.h; path = SplitShowDocument.h; sourceTree = "<group>"; };
		8E1853771BBC57DA00F25E9F /* SplitShowDocument.m */ = {isa = PBXFileReference; lastKnownFileType = sourcecode.c.objc; path = SplitShowDocument.m; sourceTree = "<group>"; };
		8E1853791BBC57DA00F25E9F /* SplitShow.xcassets */ = {isa = PBXFileReference; lastKnownFileType = folder.assetcatalog; path = SplitShow.xcassets; sourceTree = "<group>"; };
		8E18537E1BBC57DA00F25E9F /* Info.plist */ = {isa = PBXFileReference; lastKnownFileType = text.plist.xml; path = Info.plist; sourceTree = "<group>"; };
		8E1853831BBC57DA00F25E9F /* SplitShowTests.xctest */ = {isa = PBXFileReference; explicitFileType = wrapper.cfbundle; includeInIndex = 0; path = SplitShowTests.xctest; sourceTree = BUILT_PRODUCTS_DIR; };
		8E1853871BBC57DA00F25E9F /* SplitShowTests.m */ = {isa = PBXFileReference; lastKnownFileType = sourcecode.c.objc; path = SplitShowTests.m; sourceTree = "<group>"; };
		8E1853891BBC57DA00F25E9F /* Info.plist */ = {isa = PBXFileReference; lastKnownFileType = text.plist.xml; path = Info.plist; sourceTree = "<group>"; };
		8E18538E1BBC57DA00F25E9F /* SplitShowUITests.xctest */ = {isa = PBXFileReference; explicitFileType = wrapper.cfbundle; includeInIndex = 0; path = SplitShowUITests.xctest; sourceTree = BUILT_PRODUCTS_DIR; };
		8E1853921BBC57DA00F25E9F /* SplitShowUITests.m */ = {isa = PBXFileReference; lastKnownFileType = sourcecode.c.objc; path = SplitShowUITests.m; sourceTree = "<group>"; };
		8E1853941BBC57DA00F25E9F /* Info.plist */ = {isa = PBXFileReference; lastKnownFileType = text.plist.xml; path = Info.plist; sourceTree = "<group>"; };
		8E1853A31BBC633300F25E9F /* SlideView.h */ = {isa = PBXFileReference; fileEncoding = 4; lastKnownFileType = sourcecode.c.h; path = SlideView.h; sourceTree = "<group>"; };
		8E1853A41BBC633300F25E9F /* SlideView.m */ = {isa = PBXFileReference; fileEncoding = 4; lastKnownFileType = sourcecode.c.objc; path = SlideView.m; sourceTree = "<group>"; };
		8E1853A61BBD069000F25E9F /* PDFDocument+Presentation.h */ = {isa = PBXFileReference; fileEncoding = 4; lastKnownFileType = sourcecode.c.h; path = "PDFDocument+Presentation.h"; sourceTree = "<group>"; };
		8E1853A71BBD069000F25E9F /* PDFDocument+Presentation.m */ = {isa = PBXFileReference; fileEncoding = 4; lastKnownFileType = sourcecode.c.objc; path = "PDFDocument+Presentation.m"; sourceTree = "<group>"; };
		8E1855821BDBF64500E6AEB5 /* PreviewController.h */ = {isa = PBXFileReference; fileEncoding = 4; lastKnownFileType = sourcecode.c.h; path = PreviewController.h; sourceTree = "<group>"; };
		8E1855831BDBF64500E6AEB5 /* PreviewController.m */ = {isa = PBXFileReference; fileEncoding = 4; lastKnownFileType = sourcecode.c.objc; path = PreviewController.m; sourceTree = "<group>"; };
		8E23BE601C2C5A82008BEFE9 /* NSScreen+Name.h */ = {isa = PBXFileReference; fileEncoding = 4; lastKnownFileType = sourcecode.c.h; path = "NSScreen+Name.h"; sourceTree = "<group>"; };
		8E23BE611C2C5A82008BEFE9 /* NSScreen+Name.m */ = {isa = PBXFileReference; fileEncoding = 4; lastKnownFileType = sourcecode.c.objc; path = "NSScreen+Name.m"; sourceTree = "<group>"; };
		8E2CE7FA1C3007D800CA462F /* Utilities.m */ = {isa = PBXFileReference; fileEncoding = 4; lastKnownFileType = sourcecode.c.objc; path = Utilities.m; sourceTree = "<group>"; };
		8E2CE7FC1C3007F800CA462F /* Utilities.h */ = {isa = PBXFileReference; lastKnownFileType = sourcecode.c.h; path = Utilities.h; sourceTree = "<group>"; };
		8E2CE7FE1C30233900CA462F /* PDFView+GoToPageAtIndex.h */ = {isa = PBXFileReference; fileEncoding = 4; lastKnownFileType = sourcecode.c.h; path = "PDFView+GoToPageAtIndex.h"; sourceTree = "<group>"; };
		8E2CE7FF1C30233900CA462F /* PDFView+GoToPageAtIndex.m */ = {isa = PBXFileReference; fileEncoding = 4; lastKnownFileType = sourcecode.c.objc; path = "PDFView+GoToPageAtIndex.m"; sourceTree = "<group>"; };
		8E2CE8011C30293800CA462F /* DisplayController.h */ = {isa = PBXFileReference; fileEncoding = 4; lastKnownFileType = sourcecode.c.h; path = DisplayController.h; sourceTree = "<group>"; };
		8E2CE8021C30293800CA462F /* DisplayController.m */ = {isa = PBXFileReference; fileEncoding = 4; lastKnownFileType = sourcecode.c.objc; path = DisplayController.m; sourceTree = "<group>"; };
		8E2CE8041C30485B00CA462F /* TimerController.h */ = {isa = PBXFileReference; fileEncoding = 4; lastKnownFileType = sourcecode.c.h; path = TimerController.h; sourceTree = "<group>"; };
		8E2CE8051C30485C00CA462F /* TimerController.m */ = {isa = PBXFileReference; fileEncoding = 4; lastKnownFileType = sourcecode.c.objc; path = TimerController.m; sourceTree = "<group>"; };
		8E2CE8301C30557400CA462F /* Credits.rtf */ = {isa = PBXFileReference; fileEncoding = 4; lastKnownFileType = text.rtf; path = Credits.rtf; sourceTree = "<group>"; };
		8E2CE8321C30628600CA462F /* swap.png */ = {isa = PBXFileReference; lastKnownFileType = image.png; path = swap.png; sourceTree = "<group>"; };
		8E2CE8351C306E3A00CA462F /* Base */ = {isa = PBXFileReference; lastKnownFileType = file.xib; name = Base; path = Base.lproj/MainMenu.xib; sourceTree = "<group>"; };
		8E2CE8381C306E5500CA462F /* Base */ = {isa = PBXFileReference; lastKnownFileType = file.xib; name = Base; path = Base.lproj/TimerView.xib; sourceTree = "<group>"; };
		8E2CE83B1C306E5D00CA462F /* Base */ = {isa = PBXFileReference; lastKnownFileType = file.xib; name = Base; path = Base.lproj/Main.xib; sourceTree = "<group>"; };
		8E2CE83D1C306E7D00CA462F /* de */ = {isa = PBXFileReference; lastKnownFileType = text.plist.strings; name = de; path = de.lproj/TimerView.strings; sourceTree = "<group>"; };
		8E2CE83E1C306E7D00CA462F /* de */ = {isa = PBXFileReference; lastKnownFileType = text.plist.strings; name = de; path = de.lproj/Main.strings; sourceTree = "<group>"; };
		8E2CE83F1C306E7D00CA462F /* de */ = {isa = PBXFileReference; lastKnownFileType = text.plist.strings; name = de; path = de.lproj/MainMenu.strings; sourceTree = "<group>"; };
		8E2CE8411C30704E00CA462F /* Base */ = {isa = PBXFileReference; fileEncoding = 4; lastKnownFileType = text.plist.strings; name = Base; path = Base.lproj/Localizable.strings; sourceTree = "<group>"; };
		8E2CE8431C30705F00CA462F /* de */ = {isa = PBXFileReference; fileEncoding = 4; lastKnownFileType = text.plist.strings; name = de; path = de.lproj/Localizable.strings; sourceTree = "<group>"; };
		8E2CE8851C30A46E00CA462F /* CustomLayoutController.h */ = {isa = PBXFileReference; fileEncoding = 4; lastKnownFileType = sourcecode.c.h; path = CustomLayoutController.h; sourceTree = "<group>"; };
		8E2CE8861C30A46E00CA462F /* CustomLayoutController.m */ = {isa = PBXFileReference; fileEncoding = 4; lastKnownFileType = sourcecode.c.objc; path = CustomLayoutController.m; sourceTree = "<group>"; };
		8E2CE88A1C30A89B00CA462F /* PDFPreviewItem.h */ = {isa = PBXFileReference; fileEncoding = 4; lastKnownFileType = sourcecode.c.h; path = PDFPreviewItem.h; sourceTree = "<group>"; };
		8E2CE88B1C30A89B00CA462F /* PDFPreviewItem.m */ = {isa = PBXFileReference; fileEncoding = 4; lastKnownFileType = sourcecode.c.objc; path = PDFPreviewItem.m; sourceTree = "<group>"; };
		8E2CE8A81C32AB3700CA462F /* CustomLayoutContentView.h */ = {isa = PBXFileReference; fileEncoding = 4; lastKnownFileType = sourcecode.c.h; path = CustomLayoutContentView.h; sourceTree = "<group>"; };
		8E2CE8A91C32AB3800CA462F /* CustomLayoutContentView.m */ = {isa = PBXFileReference; fileEncoding = 4; lastKnownFileType = sourcecode.c.objc; path = CustomLayoutContentView.m; sourceTree = "<group>"; };
		8E2CE8AF1C33E93A00CA462F /* Base */ = {isa = PBXFileReference; lastKnownFileType = file.xib; name = Base; path = Base.lproj/CustomLayout.xib; sourceTree = "<group>"; };
		8E2CE8B21C33E93E00CA462F /* de */ = {isa = PBXFileReference; lastKnownFileType = text.plist.strings; name = de; path = de.lproj/CustomLayout.strings; sourceTree = "<group>"; };
		8E7D7B861C7A25DE005CC416 /* SplitShowScreenArrayController.h */ = {isa = PBXFileReference; fileEncoding = 4; lastKnownFileType = sourcecode.c.h; path = SplitShowScreenArrayController.h; sourceTree = "<group>"; };
		8E7D7B871C7A25DE005CC416 /* SplitShowScreenArrayController.m */ = {isa = PBXFileReference; fileEncoding = 4; lastKnownFileType = sourcecode.c.objc; path = SplitShowScreenArrayController.m; sourceTree = "<group>"; };
		8E7D7B891C7A317E005CC416 /* SplitShowScreen.h */ = {isa = PBXFileReference; fileEncoding = 4; lastKnownFileType = sourcecode.c.h; path = SplitShowScreen.h; sourceTree = "<group>"; };
		8E7D7B8A1C7A317E005CC416 /* SplitShowScreen.m */ = {isa = PBXFileReference; fileEncoding = 4; lastKnownFileType = sourcecode.c.objc; path = SplitShowScreen.m; sourceTree = "<group>"; };
		8E7D7C281C81087E005CC416 /* SplitShowPresentationWindow.h */ = {isa = PBXFileReference; fileEncoding = 4; lastKnownFileType = sourcecode.c.h; path = SplitShowPresentationWindow.h; sourceTree = "<group>"; };
		8E7D7C291C81087E005CC416 /* SplitShowPresentationWindow.m */ = {isa = PBXFileReference; fileEncoding = 4; lastKnownFileType = sourcecode.c.objc; path = SplitShowPresentationWindow.m; sourceTree = "<group>"; };
		8EA178701C41B6E20025C9FD /* AppDelegate.h */ = {isa = PBXFileReference; fileEncoding = 4; lastKnownFileType = sourcecode.c.h; path = AppDelegate.h; sourceTree = "<group>"; };
		8EA178711C41B6E20025C9FD /* AppDelegate.m */ = {isa = PBXFileReference; fileEncoding = 4; lastKnownFileType = sourcecode.c.objc; path = AppDelegate.m; sourceTree = "<group>"; };
		8EA71BC21C48E1B60025BDB3 /* CustomLayoutHeaderView.h */ = {isa = PBXFileReference; fileEncoding = 4; lastKnownFileType = sourcecode.c.h; path = CustomLayoutHeaderView.h; sourceTree = "<group>"; };
		8EA71BC31C48E1B60025BDB3 /* CustomLayoutHeaderView.m */ = {isa = PBXFileReference; fileEncoding = 4; lastKnownFileType = sourcecode.c.objc; path = CustomLayoutHeaderView.m; sourceTree = "<group>"; };
		8EB620331C73A80D00F8C007 /* CustomLayoutDelegateProtocol.h */ = {isa = PBXFileReference; lastKnownFileType = sourcecode.c.h; path = CustomLayoutDelegateProtocol.h; sourceTree = "<group>"; };
		8EB620341C7885FF00F8C007 /* CustomLayoutParser.h */ = {isa = PBXFileReference; fileEncoding = 4; lastKnownFileType = sourcecode.c.h; path = CustomLayoutParser.h; sourceTree = "<group>"; };
		8EB620351C7885FF00F8C007 /* CustomLayoutParser.m */ = {isa = PBXFileReference; fileEncoding = 4; lastKnownFileType = sourcecode.c.objc; path = CustomLayoutParser.m; sourceTree = "<group>"; };
		8EB620371C78C54300F8C007 /* Errors.h */ = {isa = PBXFileReference; lastKnownFileType = sourcecode.c.h; path = Errors.h; sourceTree = "<group>"; };
		8ECF769A1C4B0C8D00451FFE /* CustomLayoutTableView.h */ = {isa = PBXFileReference; fileEncoding = 4; lastKnownFileType = sourcecode.c.h; path = CustomLayoutTableView.h; sourceTree = "<group>"; };
		8ECF769B1C4B0C8D00451FFE /* CustomLayoutTableView.m */ = {isa = PBXFileReference; fileEncoding = 4; lastKnownFileType = sourcecode.c.objc; path = CustomLayoutTableView.m; sourceTree = "<group>"; };
/* End PBXFileReference section */

/* Begin PBXFrameworksBuildPhase section */
		8E1853671BBC57DA00F25E9F /* Frameworks */ = {
			isa = PBXFrameworksBuildPhase;
			buildActionMask = 2147483647;
			files = (
			);
			runOnlyForDeploymentPostprocessing = 0;
		};
		8E1853801BBC57DA00F25E9F /* Frameworks */ = {
			isa = PBXFrameworksBuildPhase;
			buildActionMask = 2147483647;
			files = (
			);
			runOnlyForDeploymentPostprocessing = 0;
		};
		8E18538B1BBC57DA00F25E9F /* Frameworks */ = {
			isa = PBXFrameworksBuildPhase;
			buildActionMask = 2147483647;
			files = (
			);
			runOnlyForDeploymentPostprocessing = 0;
		};
/* End PBXFrameworksBuildPhase section */

/* Begin PBXGroup section */
		8E1853611BBC57DA00F25E9F = {
			isa = PBXGroup;
			children = (
				8E18536C1BBC57DA00F25E9F /* SplitShow */,
				8E1853861BBC57DA00F25E9F /* SplitShowTests */,
				8E1853911BBC57DA00F25E9F /* SplitShowUITests */,
				8E18536B1BBC57DA00F25E9F /* Products */,
			);
			sourceTree = "<group>";
		};
		8E18536B1BBC57DA00F25E9F /* Products */ = {
			isa = PBXGroup;
			children = (
				8E18536A1BBC57DA00F25E9F /* SplitShow.app */,
				8E1853831BBC57DA00F25E9F /* SplitShowTests.xctest */,
				8E18538E1BBC57DA00F25E9F /* SplitShowUITests.xctest */,
			);
			name = Products;
			sourceTree = "<group>";
		};
		8E18536C1BBC57DA00F25E9F /* SplitShow */ = {
			isa = PBXGroup;
			children = (
				8ECF769A1C4B0C8D00451FFE /* CustomLayoutTableView.h */,
				8ECF769B1C4B0C8D00451FFE /* CustomLayoutTableView.m */,
				8E7D7C281C81087E005CC416 /* SplitShowPresentationWindow.h */,
				8E7D7C291C81087E005CC416 /* SplitShowPresentationWindow.m */,
				8EA178701C41B6E20025C9FD /* AppDelegate.h */,
				8EA178711C41B6E20025C9FD /* AppDelegate.m */,
				8E1853A31BBC633300F25E9F /* SlideView.h */,
				8E1853A41BBC633300F25E9F /* SlideView.m */,
				8E2CE8011C30293800CA462F /* DisplayController.h */,
				8E2CE8021C30293800CA462F /* DisplayController.m */,
				8E2CE8851C30A46E00CA462F /* CustomLayoutController.h */,
				8E2CE8861C30A46E00CA462F /* CustomLayoutController.m */,
				8E7D7B861C7A25DE005CC416 /* SplitShowScreenArrayController.h */,
				8E7D7B871C7A25DE005CC416 /* SplitShowScreenArrayController.m */,
				8E7D7B891C7A317E005CC416 /* SplitShowScreen.h */,
				8E7D7B8A1C7A317E005CC416 /* SplitShowScreen.m */,
				8EB620331C73A80D00F8C007 /* CustomLayoutDelegateProtocol.h */,
				8EA71BC21C48E1B60025BDB3 /* CustomLayoutHeaderView.h */,
				8EA71BC31C48E1B60025BDB3 /* CustomLayoutHeaderView.m */,
				8E2CE8A81C32AB3700CA462F /* CustomLayoutContentView.h */,
				8E2CE8A91C32AB3800CA462F /* CustomLayoutContentView.m */,
				8E2CE88A1C30A89B00CA462F /* PDFPreviewItem.h */,
				8E2CE88B1C30A89B00CA462F /* PDFPreviewItem.m */,
				8E1855821BDBF64500E6AEB5 /* PreviewController.h */,
				8E1855831BDBF64500E6AEB5 /* PreviewController.m */,
				8EB620341C7885FF00F8C007 /* CustomLayoutParser.h */,
				8EB620351C7885FF00F8C007 /* CustomLayoutParser.m */,
				8EB620371C78C54300F8C007 /* Errors.h */,
				8E1853761BBC57DA00F25E9F /* SplitShowDocument.h */,
				8E1853771BBC57DA00F25E9F /* SplitShowDocument.m */,
				8E2CE7FC1C3007F800CA462F /* Utilities.h */,
				8E2CE7FA1C3007D800CA462F /* Utilities.m */,
				8E2CE8041C30485B00CA462F /* TimerController.h */,
				8E2CE8051C30485C00CA462F /* TimerController.m */,
				8E2CE82E1C30546500CA462F /* Categories */,
				8E2CE82F1C30549A00CA462F /* Resources */,
				8E1853701BBC57DA00F25E9F /* Supporting Files */,
			);
			path = SplitShow;
			sourceTree = "<group>";
		};
		8E1853701BBC57DA00F25E9F /* Supporting Files */ = {
			isa = PBXGroup;
			children = (
				8E1853711BBC57DA00F25E9F /* main.m */,
			);
			name = "Supporting Files";
			sourceTree = "<group>";
		};
		8E1853861BBC57DA00F25E9F /* SplitShowTests */ = {
			isa = PBXGroup;
			children = (
				8E1853871BBC57DA00F25E9F /* SplitShowTests.m */,
				8E1853891BBC57DA00F25E9F /* Info.plist */,
			);
			path = SplitShowTests;
			sourceTree = "<group>";
		};
		8E1853911BBC57DA00F25E9F /* SplitShowUITests */ = {
			isa = PBXGroup;
			children = (
				8E1853921BBC57DA00F25E9F /* SplitShowUITests.m */,
				8E1853941BBC57DA00F25E9F /* Info.plist */,
			);
			path = SplitShowUITests;
			sourceTree = "<group>";
		};
		8E2CE82E1C30546500CA462F /* Categories */ = {
			isa = PBXGroup;
			children = (
				8E2CE7FE1C30233900CA462F /* PDFView+GoToPageAtIndex.h */,
				8E2CE7FF1C30233900CA462F /* PDFView+GoToPageAtIndex.m */,
				8E23BE601C2C5A82008BEFE9 /* NSScreen+Name.h */,
				8E23BE611C2C5A82008BEFE9 /* NSScreen+Name.m */,
				8E1853A61BBD069000F25E9F /* PDFDocument+Presentation.h */,
				8E1853A71BBD069000F25E9F /* PDFDocument+Presentation.m */,
			);
			name = Categories;
			sourceTree = "<group>";
		};
		8E2CE82F1C30549A00CA462F /* Resources */ = {
			isa = PBXGroup;
			children = (
				8E2CE8401C30704E00CA462F /* Localizable.strings */,
				8E1853791BBC57DA00F25E9F /* SplitShow.xcassets */,
				8E2CE8321C30628600CA462F /* swap.png */,
				8E2CE8391C306E5500CA462F /* TimerView.xib */,
				8E2CE83C1C306E5D00CA462F /* Main.xib */,
				8E2CE8361C306E3A00CA462F /* MainMenu.xib */,
				8E2CE8B01C33E93A00CA462F /* CustomLayout.xib */,
				8E18537E1BBC57DA00F25E9F /* Info.plist */,
				8E2CE8301C30557400CA462F /* Credits.rtf */,
			);
			name = Resources;
			sourceTree = "<group>";
		};
/* End PBXGroup section */

/* Begin PBXNativeTarget section */
		8E1853691BBC57DA00F25E9F /* SplitShow */ = {
			isa = PBXNativeTarget;
			buildConfigurationList = 8E1853971BBC57DA00F25E9F /* Build configuration list for PBXNativeTarget "SplitShow" */;
			buildPhases = (
				8E1853661BBC57DA00F25E9F /* Sources */,
				8E1853671BBC57DA00F25E9F /* Frameworks */,
				8E1853681BBC57DA00F25E9F /* Resources */,
			);
			buildRules = (
			);
			dependencies = (
			);
			name = SplitShow;
			productName = SplitShow;
			productReference = 8E18536A1BBC57DA00F25E9F /* SplitShow.app */;
			productType = "com.apple.product-type.application";
		};
		8E1853821BBC57DA00F25E9F /* SplitShowTests */ = {
			isa = PBXNativeTarget;
			buildConfigurationList = 8E18539A1BBC57DA00F25E9F /* Build configuration list for PBXNativeTarget "SplitShowTests" */;
			buildPhases = (
				8E18537F1BBC57DA00F25E9F /* Sources */,
				8E1853801BBC57DA00F25E9F /* Frameworks */,
				8E1853811BBC57DA00F25E9F /* Resources */,
			);
			buildRules = (
			);
			dependencies = (
				8E1853851BBC57DA00F25E9F /* PBXTargetDependency */,
			);
			name = SplitShowTests;
			productName = SplitShowTests;
			productReference = 8E1853831BBC57DA00F25E9F /* SplitShowTests.xctest */;
			productType = "com.apple.product-type.bundle.unit-test";
		};
		8E18538D1BBC57DA00F25E9F /* SplitShowUITests */ = {
			isa = PBXNativeTarget;
			buildConfigurationList = 8E18539D1BBC57DA00F25E9F /* Build configuration list for PBXNativeTarget "SplitShowUITests" */;
			buildPhases = (
				8E18538A1BBC57DA00F25E9F /* Sources */,
				8E18538B1BBC57DA00F25E9F /* Frameworks */,
				8E18538C1BBC57DA00F25E9F /* Resources */,
			);
			buildRules = (
			);
			dependencies = (
				8E1853901BBC57DA00F25E9F /* PBXTargetDependency */,
			);
			name = SplitShowUITests;
			productName = SplitShowUITests;
			productReference = 8E18538E1BBC57DA00F25E9F /* SplitShowUITests.xctest */;
			productType = "com.apple.product-type.bundle.ui-testing";
		};
/* End PBXNativeTarget section */

/* Begin PBXProject section */
		8E1853621BBC57DA00F25E9F /* Project object */ = {
			isa = PBXProject;
			attributes = {
				LastUpgradeCheck = 0700;
				ORGANIZATIONNAME = "Moritz Pflanzer";
				TargetAttributes = {
					8E1853691BBC57DA00F25E9F = {
						CreatedOnToolsVersion = 7.0.1;
					};
					8E1853821BBC57DA00F25E9F = {
						CreatedOnToolsVersion = 7.0.1;
						TestTargetID = 8E1853691BBC57DA00F25E9F;
					};
					8E18538D1BBC57DA00F25E9F = {
						CreatedOnToolsVersion = 7.0.1;
						TestTargetID = 8E1853691BBC57DA00F25E9F;
					};
				};
			};
			buildConfigurationList = 8E1853651BBC57DA00F25E9F /* Build configuration list for PBXProject "SplitShow" */;
			compatibilityVersion = "Xcode 3.2";
			developmentRegion = English;
			hasScannedForEncodings = 0;
			knownRegions = (
				en,
				Base,
				de,
			);
			mainGroup = 8E1853611BBC57DA00F25E9F;
			productRefGroup = 8E18536B1BBC57DA00F25E9F /* Products */;
			projectDirPath = "";
			projectRoot = "";
			targets = (
				8E1853691BBC57DA00F25E9F /* SplitShow */,
				8E1853821BBC57DA00F25E9F /* SplitShowTests */,
				8E18538D1BBC57DA00F25E9F /* SplitShowUITests */,
			);
		};
/* End PBXProject section */

/* Begin PBXResourcesBuildPhase section */
		8E1853681BBC57DA00F25E9F /* Resources */ = {
			isa = PBXResourcesBuildPhase;
			buildActionMask = 2147483647;
			files = (
				8E2CE8311C30557400CA462F /* Credits.rtf in Resources */,
				8E2CE8371C306E5500CA462F /* TimerView.xib in Resources */,
				8E2CE8331C30628600CA462F /* swap.png in Resources */,
				8E2CE8421C30704E00CA462F /* Localizable.strings in Resources */,
				8E18537A1BBC57DA00F25E9F /* SplitShow.xcassets in Resources */,
				8E2CE83A1C306E5D00CA462F /* Main.xib in Resources */,
				8E2CE8341C306E3A00CA462F /* MainMenu.xib in Resources */,
				8E2CE8AE1C33E93A00CA462F /* CustomLayout.xib in Resources */,
			);
			runOnlyForDeploymentPostprocessing = 0;
		};
		8E1853811BBC57DA00F25E9F /* Resources */ = {
			isa = PBXResourcesBuildPhase;
			buildActionMask = 2147483647;
			files = (
			);
			runOnlyForDeploymentPostprocessing = 0;
		};
		8E18538C1BBC57DA00F25E9F /* Resources */ = {
			isa = PBXResourcesBuildPhase;
			buildActionMask = 2147483647;
			files = (
			);
			runOnlyForDeploymentPostprocessing = 0;
		};
/* End PBXResourcesBuildPhase section */

/* Begin PBXSourcesBuildPhase section */
		8E1853661BBC57DA00F25E9F /* Sources */ = {
			isa = PBXSourcesBuildPhase;
			buildActionMask = 2147483647;
			files = (
				8E23BE621C2C5A82008BEFE9 /* NSScreen+Name.m in Sources */,
				8E7D7C2A1C81087E005CC416 /* SplitShowPresentationWindow.m in Sources */,
				8E7D7B8B1C7A317E005CC416 /* SplitShowScreen.m in Sources */,
				8E2CE88C1C30A89B00CA462F /* PDFPreviewItem.m in Sources */,
				8E1853781BBC57DA00F25E9F /* SplitShowDocument.m in Sources */,
				8E2CE8031C30293800CA462F /* DisplayController.m in Sources */,
				8E2CE8001C30233900CA462F /* PDFView+GoToPageAtIndex.m in Sources */,
				8E7D7B881C7A25DE005CC416 /* SplitShowScreenArrayController.m in Sources */,
				8E1855841BDBF64500E6AEB5 /* PreviewController.m in Sources */,
				8EA178721C41B6E20025C9FD /* AppDelegate.m in Sources */,
				8E2CE7FB1C3007D800CA462F /* Utilities.m in Sources */,
				8E2CE8AA1C32AB3800CA462F /* CustomLayoutContentView.m in Sources */,
				8EB620361C7885FF00F8C007 /* CustomLayoutParser.m in Sources */,
				8E1853721BBC57DA00F25E9F /* main.m in Sources */,
				8E1853A51BBC633300F25E9F /* SlideView.m in Sources */,
				8E2CE8871C30A46E00CA462F /* CustomLayoutController.m in Sources */,
				8E2CE8061C30485C00CA462F /* TimerController.m in Sources */,
				8E1853A81BBD069000F25E9F /* PDFDocument+Presentation.m in Sources */,
				8ECF769C1C4B0C8D00451FFE /* CustomLayoutTableView.m in Sources */,
				8EA71BC41C48E1B60025BDB3 /* CustomLayoutHeaderView.m in Sources */,
			);
			runOnlyForDeploymentPostprocessing = 0;
		};
		8E18537F1BBC57DA00F25E9F /* Sources */ = {
			isa = PBXSourcesBuildPhase;
			buildActionMask = 2147483647;
			files = (
				8E1853881BBC57DA00F25E9F /* SplitShowTests.m in Sources */,
			);
			runOnlyForDeploymentPostprocessing = 0;
		};
		8E18538A1BBC57DA00F25E9F /* Sources */ = {
			isa = PBXSourcesBuildPhase;
			buildActionMask = 2147483647;
			files = (
				8E1853931BBC57DA00F25E9F /* SplitShowUITests.m in Sources */,
			);
			runOnlyForDeploymentPostprocessing = 0;
		};
/* End PBXSourcesBuildPhase section */

/* Begin PBXTargetDependency section */
		8E1853851BBC57DA00F25E9F /* PBXTargetDependency */ = {
			isa = PBXTargetDependency;
			target = 8E1853691BBC57DA00F25E9F /* SplitShow */;
			targetProxy = 8E1853841BBC57DA00F25E9F /* PBXContainerItemProxy */;
		};
		8E1853901BBC57DA00F25E9F /* PBXTargetDependency */ = {
			isa = PBXTargetDependency;
			target = 8E1853691BBC57DA00F25E9F /* SplitShow */;
			targetProxy = 8E18538F1BBC57DA00F25E9F /* PBXContainerItemProxy */;
		};
/* End PBXTargetDependency section */

/* Begin PBXVariantGroup section */
		8E2CE8361C306E3A00CA462F /* MainMenu.xib */ = {
			isa = PBXVariantGroup;
			children = (
				8E2CE8351C306E3A00CA462F /* Base */,
				8E2CE83F1C306E7D00CA462F /* de */,
			);
			name = MainMenu.xib;
			sourceTree = "<group>";
		};
		8E2CE8391C306E5500CA462F /* TimerView.xib */ = {
			isa = PBXVariantGroup;
			children = (
				8E2CE8381C306E5500CA462F /* Base */,
				8E2CE83D1C306E7D00CA462F /* de */,
			);
			name = TimerView.xib;
			sourceTree = "<group>";
		};
		8E2CE83C1C306E5D00CA462F /* Main.xib */ = {
			isa = PBXVariantGroup;
			children = (
				8E2CE83B1C306E5D00CA462F /* Base */,
				8E2CE83E1C306E7D00CA462F /* de */,
			);
			name = Main.xib;
			sourceTree = "<group>";
		};
		8E2CE8401C30704E00CA462F /* Localizable.strings */ = {
			isa = PBXVariantGroup;
			children = (
				8E2CE8411C30704E00CA462F /* Base */,
				8E2CE8431C30705F00CA462F /* de */,
			);
			name = Localizable.strings;
			sourceTree = "<group>";
		};
		8E2CE8B01C33E93A00CA462F /* CustomLayout.xib */ = {
			isa = PBXVariantGroup;
			children = (
				8E2CE8AF1C33E93A00CA462F /* Base */,
				8E2CE8B21C33E93E00CA462F /* de */,
			);
			name = CustomLayout.xib;
			sourceTree = "<group>";
		};
/* End PBXVariantGroup section */

/* Begin XCBuildConfiguration section */
		8E1853951BBC57DA00F25E9F /* Debug */ = {
			isa = XCBuildConfiguration;
			buildSettings = {
				ALWAYS_SEARCH_USER_PATHS = NO;
				CLANG_CXX_LANGUAGE_STANDARD = "gnu++0x";
				CLANG_CXX_LIBRARY = "libc++";
				CLANG_ENABLE_MODULES = YES;
				CLANG_ENABLE_OBJC_ARC = YES;
				CLANG_WARN_BOOL_CONVERSION = YES;
				CLANG_WARN_CONSTANT_CONVERSION = YES;
				CLANG_WARN_DIRECT_OBJC_ISA_USAGE = YES_ERROR;
				CLANG_WARN_EMPTY_BODY = YES;
				CLANG_WARN_ENUM_CONVERSION = YES;
				CLANG_WARN_INT_CONVERSION = YES;
				CLANG_WARN_OBJC_ROOT_CLASS = YES_ERROR;
				CLANG_WARN_UNREACHABLE_CODE = YES;
				CLANG_WARN__DUPLICATE_METHOD_MATCH = YES;
				CODE_SIGN_IDENTITY = "-";
				COPY_PHASE_STRIP = NO;
				CURRENT_PROJECT_VERSION = 1;
				DEBUG_INFORMATION_FORMAT = dwarf;
				ENABLE_STRICT_OBJC_MSGSEND = YES;
				ENABLE_TESTABILITY = YES;
				GCC_C_LANGUAGE_STANDARD = gnu99;
				GCC_DYNAMIC_NO_PIC = NO;
				GCC_NO_COMMON_BLOCKS = YES;
				GCC_OPTIMIZATION_LEVEL = 0;
				GCC_PREPROCESSOR_DEFINITIONS = (
					"DEBUG=1",
					"$(inherited)",
				);
				GCC_WARN_64_TO_32_BIT_CONVERSION = YES;
				GCC_WARN_ABOUT_RETURN_TYPE = YES_ERROR;
				GCC_WARN_UNDECLARED_SELECTOR = YES;
				GCC_WARN_UNINITIALIZED_AUTOS = YES_AGGRESSIVE;
				GCC_WARN_UNUSED_FUNCTION = YES;
				GCC_WARN_UNUSED_VARIABLE = YES;
				MACOSX_DEPLOYMENT_TARGET = 10.8;
				MTL_ENABLE_DEBUG_INFO = YES;
				ONLY_ACTIVE_ARCH = YES;
				SDKROOT = macosx;
				VERSIONING_SYSTEM = "apple-generic";
			};
			name = Debug;
		};
		8E1853961BBC57DA00F25E9F /* Release */ = {
			isa = XCBuildConfiguration;
			buildSettings = {
				ALWAYS_SEARCH_USER_PATHS = NO;
				CLANG_CXX_LANGUAGE_STANDARD = "gnu++0x";
				CLANG_CXX_LIBRARY = "libc++";
				CLANG_ENABLE_MODULES = YES;
				CLANG_ENABLE_OBJC_ARC = YES;
				CLANG_WARN_BOOL_CONVERSION = YES;
				CLANG_WARN_CONSTANT_CONVERSION = YES;
				CLANG_WARN_DIRECT_OBJC_ISA_USAGE = YES_ERROR;
				CLANG_WARN_EMPTY_BODY = YES;
				CLANG_WARN_ENUM_CONVERSION = YES;
				CLANG_WARN_INT_CONVERSION = YES;
				CLANG_WARN_OBJC_ROOT_CLASS = YES_ERROR;
				CLANG_WARN_UNREACHABLE_CODE = YES;
				CLANG_WARN__DUPLICATE_METHOD_MATCH = YES;
				CODE_SIGN_IDENTITY = "-";
				COPY_PHASE_STRIP = NO;
				CURRENT_PROJECT_VERSION = 1;
				DEBUG_INFORMATION_FORMAT = "dwarf-with-dsym";
				ENABLE_NS_ASSERTIONS = NO;
				ENABLE_STRICT_OBJC_MSGSEND = YES;
				GCC_C_LANGUAGE_STANDARD = gnu99;
				GCC_NO_COMMON_BLOCKS = YES;
				GCC_WARN_64_TO_32_BIT_CONVERSION = YES;
				GCC_WARN_ABOUT_RETURN_TYPE = YES_ERROR;
				GCC_WARN_UNDECLARED_SELECTOR = YES;
				GCC_WARN_UNINITIALIZED_AUTOS = YES_AGGRESSIVE;
				GCC_WARN_UNUSED_FUNCTION = YES;
				GCC_WARN_UNUSED_VARIABLE = YES;
				MACOSX_DEPLOYMENT_TARGET = 10.8;
				MTL_ENABLE_DEBUG_INFO = NO;
				SDKROOT = macosx;
				VERSIONING_SYSTEM = "apple-generic";
			};
			name = Release;
		};
		8E1853981BBC57DA00F25E9F /* Debug */ = {
			isa = XCBuildConfiguration;
			buildSettings = {
				ASSETCATALOG_COMPILER_APPICON_NAME = AppIcon;
				COMBINE_HIDPI_IMAGES = YES;
				INFOPLIST_FILE = SplitShow/Info.plist;
				LD_RUNPATH_SEARCH_PATHS = "$(inherited) @executable_path/../Frameworks";
				MACOSX_DEPLOYMENT_TARGET = 10.8;
				PRODUCT_BUNDLE_IDENTIFIER = eu.pflanzer.SplitShow;
				PRODUCT_NAME = "$(TARGET_NAME)";
			};
			name = Debug;
		};
		8E1853991BBC57DA00F25E9F /* Release */ = {
			isa = XCBuildConfiguration;
			buildSettings = {
				ASSETCATALOG_COMPILER_APPICON_NAME = AppIcon;
				COMBINE_HIDPI_IMAGES = YES;
				INFOPLIST_FILE = SplitShow/Info.plist;
				LD_RUNPATH_SEARCH_PATHS = "$(inherited) @executable_path/../Frameworks";
				MACOSX_DEPLOYMENT_TARGET = 10.8;
				PRODUCT_BUNDLE_IDENTIFIER = eu.pflanzer.SplitShow;
				PRODUCT_NAME = "$(TARGET_NAME)";
			};
			name = Release;
		};
		8E18539B1BBC57DA00F25E9F /* Debug */ = {
			isa = XCBuildConfiguration;
			buildSettings = {
				BUNDLE_LOADER = "$(TEST_HOST)";
				COMBINE_HIDPI_IMAGES = YES;
				INFOPLIST_FILE = SplitShowTests/Info.plist;
				LD_RUNPATH_SEARCH_PATHS = "$(inherited) @executable_path/../Frameworks @loader_path/../Frameworks";
				PRODUCT_BUNDLE_IDENTIFIER = eu.pflanzer.SplitShowTests;
				PRODUCT_NAME = "$(TARGET_NAME)";
				TEST_HOST = "$(BUILT_PRODUCTS_DIR)/SplitShow.app/Contents/MacOS/SplitShow";
			};
			name = Debug;
		};
		8E18539C1BBC57DA00F25E9F /* Release */ = {
			isa = XCBuildConfiguration;
			buildSettings = {
				BUNDLE_LOADER = "$(TEST_HOST)";
				COMBINE_HIDPI_IMAGES = YES;
				INFOPLIST_FILE = SplitShowTests/Info.plist;
				LD_RUNPATH_SEARCH_PATHS = "$(inherited) @executable_path/../Frameworks @loader_path/../Frameworks";
				PRODUCT_BUNDLE_IDENTIFIER = eu.pflanzer.SplitShowTests;
				PRODUCT_NAME = "$(TARGET_NAME)";
				TEST_HOST = "$(BUILT_PRODUCTS_DIR)/SplitShow.app/Contents/MacOS/SplitShow";
			};
			name = Release;
		};
		8E18539E1BBC57DA00F25E9F /* Debug */ = {
			isa = XCBuildConfiguration;
			buildSettings = {
				COMBINE_HIDPI_IMAGES = YES;
				INFOPLIST_FILE = SplitShowUITests/Info.plist;
				LD_RUNPATH_SEARCH_PATHS = "$(inherited) @executable_path/../Frameworks @loader_path/../Frameworks";
				PRODUCT_BUNDLE_IDENTIFIER = eu.pflanzer.SplitShowUITests;
				PRODUCT_NAME = "$(TARGET_NAME)";
				TEST_TARGET_NAME = SplitShow;
				USES_XCTRUNNER = YES;
			};
			name = Debug;
		};
		8E18539F1BBC57DA00F25E9F /* Release */ = {
			isa = XCBuildConfiguration;
			buildSettings = {
				COMBINE_HIDPI_IMAGES = YES;
				INFOPLIST_FILE = SplitShowUITests/Info.plist;
				LD_RUNPATH_SEARCH_PATHS = "$(inherited) @executable_path/../Frameworks @loader_path/../Frameworks";
				PRODUCT_BUNDLE_IDENTIFIER = eu.pflanzer.SplitShowUITests;
				PRODUCT_NAME = "$(TARGET_NAME)";
				TEST_TARGET_NAME = SplitShow;
				USES_XCTRUNNER = YES;
			};
			name = Release;
		};
/* End XCBuildConfiguration section */

/* Begin XCConfigurationList section */
		8E1853651BBC57DA00F25E9F /* Build configuration list for PBXProject "SplitShow" */ = {
			isa = XCConfigurationList;
			buildConfigurations = (
				8E1853951BBC57DA00F25E9F /* Debug */,
				8E1853961BBC57DA00F25E9F /* Release */,
			);
			defaultConfigurationIsVisible = 0;
			defaultConfigurationName = Release;
		};
		8E1853971BBC57DA00F25E9F /* Build configuration list for PBXNativeTarget "SplitShow" */ = {
			isa = XCConfigurationList;
			buildConfigurations = (
				8E1853981BBC57DA00F25E9F /* Debug */,
				8E1853991BBC57DA00F25E9F /* Release */,
			);
			defaultConfigurationIsVisible = 0;
			defaultConfigurationName = Release;
		};
		8E18539A1BBC57DA00F25E9F /* Build configuration list for PBXNativeTarget "SplitShowTests" */ = {
			isa = XCConfigurationList;
			buildConfigurations = (
				8E18539B1BBC57DA00F25E9F /* Debug */,
				8E18539C1BBC57DA00F25E9F /* Release */,
			);
			defaultConfigurationIsVisible = 0;
			defaultConfigurationName = Release;
		};
		8E18539D1BBC57DA00F25E9F /* Build configuration list for PBXNativeTarget "SplitShowUITests" */ = {
			isa = XCConfigurationList;
			buildConfigurations = (
				8E18539E1BBC57DA00F25E9F /* Debug */,
				8E18539F1BBC57DA00F25E9F /* Release */,
			);
			defaultConfigurationIsVisible = 0;
			defaultConfigurationName = Release;
		};
/* End XCConfigurationList section */
	};
	rootObject = 8E1853621BBC57DA00F25E9F /* Project object */;
}
